<?xml version="1.0" encoding="utf-8"?>
<Project ToolsVersion="4.0" xmlns="http://schemas.microsoft.com/developer/msbuild/2003">
  <ItemGroup>
    <ClCompile Include="BaseUnitTests.cpp" />
    <ClCompile Include="FTuple.cpp" />
    <ClCompile Include="mathFunctions\FloatOp.cpp" />
    <ClCompile Include="Source.cpp" />
  </ItemGroup>
  <ItemGroup>
    <ClInclude Include="FTuple.h" />
    <ClInclude Include="mathFunctions\FloatOp.h" />
    <ClInclude Include="Projectile.h" />
    <ClInclude Include="Enviroment.h" />
    <ClInclude Include="Colour.h" />
  </ItemGroup>
  <ItemGroup>
    <None Include="packages.config" />
  </ItemGroup>
</Project>